{
  "name": "openspec-full-check",
  "version": "0.1.3",
  "lockfileVersion": 3,
  "requires": true,
  "packages": {
    "": {
      "name": "openspec-full-check",
      "version": "0.1.3",
      "license": "MIT",
      "bin": {
        "openspec-full-check": "bin/openspec-full-check.mjs"
      },
      "engines": {
        "node": ">=20"
      }
    }
  }
}
